// !$*UTF8*$!
{
	archiveVersion = 1;
	classes = {
	};
	objectVersion = 46;
	objects = {

/* Begin PBXBuildFile section */
		3FEF873C1B8C5E9F00982613 /* main.m in Sources */ = {isa = PBXBuildFile; fileRef = 3FEF873B1B8C5E9F00982613 /* main.m */; };
		3FEF873F1B8C5E9F00982613 /* AppDelegate.m in Sources */ = {isa = PBXBuildFile; fileRef = 3FEF873E1B8C5E9F00982613 /* AppDelegate.m */; };
		3FEF87421B8C5E9F00982613 /* ViewController.m in Sources */ = {isa = PBXBuildFile; fileRef = 3FEF87411B8C5E9F00982613 /* ViewController.m */; };
		3FEF87451B8C5E9F00982613 /* Main.storyboard in Resources */ = {isa = PBXBuildFile; fileRef = 3FEF87431B8C5E9F00982613 /* Main.storyboard */; };
		3FEF87471B8C5E9F00982613 /* Images.xcassets in Resources */ = {isa = PBXBuildFile; fileRef = 3FEF87461B8C5E9F00982613 /* Images.xcassets */; };
		3FEF874A1B8C5E9F00982613 /* LaunchScreen.xib in Resources */ = {isa = PBXBuildFile; fileRef = 3FEF87481B8C5E9F00982613 /* LaunchScreen.xib */; };
		3FEF87561B8C5E9F00982613 /* Demo03_GithubTestTests.m in Sources */ = {isa = PBXBuildFile; fileRef = 3FEF87551B8C5E9F00982613 /* Demo03_GithubTestTests.m */; };
/* End PBXBuildFile section */

/* Begin PBXContainerItemProxy section */
		3FEF87501B8C5E9F00982613 /* PBXContainerItemProxy */ = {
			isa = PBXContainerItemProxy;
			containerPortal = 3FEF872E1B8C5E9F00982613 /* Project object */;
			proxyType = 1;
			remoteGlobalIDString = 3FEF87351B8C5E9F00982613;
			remoteInfo = "Demo03-GithubTest";
		};
/* End PBXContainerItemProxy section */

/* Begin PBXFileReference section */
		3FEF87361B8C5E9F00982613 /* Demo03-GithubTest.app */ = {isa = PBXFileReference; explicitFileType = wrapper.application; includeInIndex = 0; path = "Demo03-GithubTest.app"; sourceTree = BUILT_PRODUCTS_DIR; };
		3FEF873A1B8C5E9F00982613 /* Info.plist */ = {isa = PBXFileReference; lastKnownFileType = text.plist.xml; path = Info.plist; sourceTree = "<group>"; };
		3FEF873B1B8C5E9F00982613 /* main.m */ = {isa = PBXFileReference; lastKnownFileType = sourcecode.c.objc; path = main.m; sourceTree = "<group>"; };
		3FEF873D1B8C5E9F00982613 /* AppDelegate.h */ = {isa = PBXFileReference; lastKnownFileType = sourcecode.c.h; path = AppDelegate.h; sourceTree = "<group>"; };
		3FEF873E1B8C5E9F00982613 /* AppDelegate.m */ = {isa = PBXFileReference; lastKnownFileType = sourcecode.c.objc; path = AppDelegate.m; sourceTree = "<group>"; };
		3FEF87401B8C5E9F00982613 /* ViewController.h */ = {isa = PBXFileReference; lastKnownFileType = sourcecode.c.h; path = ViewController.h; sourceTree = "<group>"; };
		3FEF87411B8C5E9F00982613 /* ViewController.m */ = {isa = PBXFileReference; lastKnownFileType = sourcecode.c.objc; path = ViewController.m; sourceTree = "<group>"; };
		3FEF87441B8C5E9F00982613 /* Base */ = {isa = PBXFileReference; lastKnownFileType = file.storyboard; name = Base; path = Base.lproj/Main.storyboard; sourceTree = "<group>"; };
		3FEF87461B8C5E9F00982613 /* Images.xcassets */ = {isa = PBXFileReference; lastKnownFileType = folder.assetcatalog; path = Images.xcassets; sourceTree = "<group>"; };
		3FEF87491B8C5E9F00982613 /* Base */ = {isa = PBXFileReference; lastKnownFileType = file.xib; name = Base; path = Base.lproj/LaunchScreen.xib; sourceTree = "<group>"; };
		3FEF874F1B8C5E9F00982613 /* Demo03-GithubTestTests.xctest */ = {isa = PBXFileReference; explicitFileType = wrapper.cfbundle; includeInIndex = 0; path = "Demo03-GithubTestTests.xctest"; sourceTree = BUILT_PRODUCTS_DIR; };
		3FEF87541B8C5E9F00982613 /* Info.plist */ = {isa = PBXFileReference; lastKnownFileType = text.plist.xml; path = Info.plist; sourceTree = "<group>"; };
		3FEF87551B8C5E9F00982613 /* Demo03_GithubTestTests.m */ = {isa = PBXFileReference; lastKnownFileType = sourcecode.c.objc; path = Demo03_GithubTestTests.m; sourceTree = "<group>"; };
/* End PBXFileReference section */

/* Begin PBXFrameworksBuildPhase section */
		3FEF87331B8C5E9F00982613 /* Frameworks */ = {
			isa = PBXFrameworksBuildPhase;
			buildActionMask = 2147483647;
			files = (
			);
			runOnlyForDeploymentPostprocessing = 0;
		};
		3FEF874C1B8C5E9F00982613 /* Frameworks */ = {
			isa = PBXFrameworksBuildPhase;
			buildActionMask = 2147483647;
			files = (
			);
			runOnlyForDeploymentPostprocessing = 0;
		};
/* End PBXFrameworksBuildPhase section */

/* Begin PBXGroup section */
		3FEF872D1B8C5E9F00982613 = {
			isa = PBXGroup;
			children = (
				3FEF87381B8C5E9F00982613 /* Demo03-GithubTest */,
				3FEF87521B8C5E9F00982613 /* Demo03-GithubTestTests */,
				3FEF87371B8C5E9F00982613 /* Products */,
			);
			sourceTree = "<group>";
		};
		3FEF87371B8C5E9F00982613 /* Products */ = {
			isa = PBXGroup;
			children = (
				3FEF87361B8C5E9F00982613 /* Demo03-GithubTest.app */,
				3FEF874F1B8C5E9F00982613 /* Demo03-GithubTestTests.xctest */,
			);
			name = Products;
			sourceTree = "<group>";
		};
		3FEF87381B8C5E9F00982613 /* Demo03-GithubTest */ = {
			isa = PBXGroup;
			children = (
				3FEF873D1B8C5E9F00982613 /* AppDelegate.h */,
				3FEF873E1B8C5E9F00982613 /* AppDelegate.m */,
				3FEF87401B8C5E9F00982613 /* ViewController.h */,
				3FEF87411B8C5E9F00982613 /* ViewController.m */,
				3FEF87431B8C5E9F00982613 /* Main.storyboard */,
				3FEF87461B8C5E9F00982613 /* Images.xcassets */,
				3FEF87481B8C5E9F00982613 /* LaunchScreen.xib */,
				3FEF87391B8C5E9F00982613 /* Supporting Files */,
			);
			path = "Demo03-GithubTest";
			sourceTree = "<group>";
		};
		3FEF87391B8C5E9F00982613 /* Supporting Files */ = {
			isa = PBXGroup;
			children = (
				3FEF873A1B8C5E9F00982613 /* Info.plist */,
				3FEF873B1B8C5E9F00982613 /* main.m */,
			);
			name = "Supporting Files";
			sourceTree = "<group>";
		};
		3FEF87521B8C5E9F00982613 /* Demo03-GithubTestTests */ = {
			isa = PBXGroup;
			children = (
				3FEF87551B8C5E9F00982613 /* Demo03_GithubTestTests.m */,
				3FEF87531B8C5E9F00982613 /* Supporting Files */,
			);
			path = "Demo03-GithubTestTests";
			sourceTree = "<group>";
		};
		3FEF87531B8C5E9F00982613 /* Supporting Files */ = {
			isa = PBXGroup;
			children = (
				3FEF87541B8C5E9F00982613 /* Info.plist */,
			);
			name = "Supporting Files";
			sourceTree = "<group>";
		};
/* End PBXGroup section */

/* Begin PBXNativeTarget section */
		3FEF87351B8C5E9F00982613 /* Demo03-GithubTest */ = {
			isa = PBXNativeTarget;
			buildConfigurationList = 3FEF87591B8C5E9F00982613 /* Build configuration list for PBXNativeTarget "Demo03-GithubTest" */;
			buildPhases = (
				3FEF87321B8C5E9F00982613 /* Sources */,
				3FEF87331B8C5E9F00982613 /* Frameworks */,
				3FEF87341B8C5E9F00982613 /* Resources */,
			);
			buildRules = (
			);
			dependencies = (
			);
			name = "Demo03-GithubTest";
			productName = "Demo03-GithubTest";
			productReference = 3FEF87361B8C5E9F00982613 /* Demo03-GithubTest.app */;
			productType = "com.apple.product-type.application";
		};
		3FEF874E1B8C5E9F00982613 /* Demo03-GithubTestTests */ = {
			isa = PBXNativeTarget;
			buildConfigurationList = 3FEF875C1B8C5E9F00982613 /* Build configuration list for PBXNativeTarget "Demo03-GithubTestTests" */;
			buildPhases = (
				3FEF874B1B8C5E9F00982613 /* Sources */,
				3FEF874C1B8C5E9F00982613 /* Frameworks */,
				3FEF874D1B8C5E9F00982613 /* Resources */,
			);
			buildRules = (
			);
			dependencies = (
				3FEF87511B8C5E9F00982613 /* PBXTargetDependency */,
			);
			name = "Demo03-GithubTestTests";
			productName = "Demo03-GithubTestTests";
			productReference = 3FEF874F1B8C5E9F00982613 /* Demo03-GithubTestTests.xctest */;
			productType = "com.apple.product-type.bundle.unit-test";
		};
/* End PBXNativeTarget section */

/* Begin PBXProject section */
		3FEF872E1B8C5E9F00982613 /* Project object */ = {
			isa = PBXProject;
			attributes = {
				LastUpgradeCheck = 0610;
				ORGANIZATIONNAME = tarena;
				TargetAttributes = {
					3FEF87351B8C5E9F00982613 = {
						CreatedOnToolsVersion = 6.1;
					};
					3FEF874E1B8C5E9F00982613 = {
						CreatedOnToolsVersion = 6.1;
						TestTargetID = 3FEF87351B8C5E9F00982613;
					};
				};
			};
			buildConfigurationList = 3FEF87311B8C5E9F00982613 /* Build configuration list for PBXProject "Demo03-GithubTest" */;
			compatibilityVersion = "Xcode 3.2";
			developmentRegion = English;
			hasScannedForEncodings = 0;
			knownRegions = (
				en,
				Base,
			);
			mainGroup = 3FEF872D1B8C5E9F00982613;
			productRefGroup = 3FEF87371B8C5E9F00982613 /* Products */;
			projectDirPath = "";
			projectRoot = "";
			targets = (
				3FEF87351B8C5E9F00982613 /* Demo03-GithubTest */,
				3FEF874E1B8C5E9F00982613 /* Demo03-GithubTestTests */,
			);
		};
/* End PBXProject section */

/* Begin PBXResourcesBuildPhase section */
		3FEF87341B8C5E9F00982613 /* Resources */ = {
			isa = PBXResourcesBuildPhase;
			buildActionMask = 2147483647;
			files = (
				3FEF87451B8C5E9F00982613 /* Main.storyboard in Resources */,
				3FEF874A1B8C5E9F00982613 /* LaunchScreen.xib in Resources */,
				3FEF87471B8C5E9F00982613 /* Images.xcassets in Resources */,
			);
			runOnlyForDeploymentPostprocessing = 0;
		};
		3FEF874D1B8C5E9F00982613 /* Resources */ = {
			isa = PBXResourcesBuildPhase;
			buildActionMask = 2147483647;
			files = (
			);
			runOnlyForDeploymentPostprocessing = 0;
		};
/* End PBXResourcesBuildPhase section */

/* Begin PBXSourcesBuildPhase section */
		3FEF87321B8C5E9F00982613 /* Sources */ = {
			isa = PBXSourcesBuildPhase;
			buildActionMask = 2147483647;
			files = (
				3FEF87421B8C5E9F00982613 /* ViewController.m in Sources */,
				3FEF873F1B8C5E9F00982613 /* AppDelegate.m in Sources */,
				3FEF873C1B8C5E9F00982613 /* main.m in Sources */,
			);
			runOnlyForDeploymentPostprocessing = 0;
		};
		3FEF874B1B8C5E9F00982613 /* Sources */ = {
			isa = PBXSourcesBuildPhase;
			buildActionMask = 2147483647;
			files = (
				3FEF87561B8C5E9F00982613 /* Demo03_GithubTestTests.m in Sources */,
			);
			runOnlyForDeploymentPostprocessing = 0;
		};
/* End PBXSourcesBuildPhase section */

/* Begin PBXTargetDependency section */
		3FEF87511B8C5E9F00982613 /* PBXTargetDependency */ = {
			isa = PBXTargetDependency;
			target = 3FEF87351B8C5E9F00982613 /* Demo03-GithubTest */;
			targetProxy = 3FEF87501B8C5E9F00982613 /* PBXContainerItemProxy */;
		};
/* End PBXTargetDependency section */

/* Begin PBXVariantGroup section */
		3FEF87431B8C5E9F00982613 /* Main.storyboard */ = {
			isa = PBXVariantGroup;
			children = (
				3FEF87441B8C5E9F00982613 /* Base */,
			);
			name = Main.storyboard;
			sourceTree = "<group>";
		};
		3FEF87481B8C5E9F00982613 /* LaunchScreen.xib */ = {
			isa = PBXVariantGroup;
			children = (
				3FEF87491B8C5E9F00982613 /* Base */,
			);
			name = LaunchScreen.xib;
			sourceTree = "<group>";
		};
/* End PBXVariantGroup section */

/* Begin XCBuildConfiguration section */
		3FEF87571B8C5E9F00982613 /* Debug */ = {
			isa = XCBuildConfiguration;
			buildSettings = {
				ALWAYS_SEARCH_USER_PATHS = NO;
				CLANG_CXX_LANGUAGE_STANDARD = "gnu++0x";
				CLANG_CXX_LIBRARY = "libc++";
				CLANG_ENABLE_MODULES = YES;
				CLANG_ENABLE_OBJC_ARC = YES;
				CLANG_WARN_BOOL_CONVERSION = YES;
				CLANG_WARN_CONSTANT_CONVERSION = YES;
				CLANG_WARN_DIRECT_OBJC_ISA_USAGE = YES_ERROR;
				CLANG_WARN_EMPTY_BODY = YES;
				CLANG_WARN_ENUM_CONVERSION = YES;
				CLANG_WARN_INT_CONVERSION = YES;
				CLANG_WARN_OBJC_ROOT_CLASS = YES_ERROR;
				CLANG_WARN_UNREACHABLE_CODE = YES;
				CLANG_WARN__DUPLICATE_METHOD_MATCH = YES;
				"CODE_SIGN_IDENTITY[sdk=iphoneos*]" = "iPhone Developer";
				COPY_PHASE_STRIP = NO;
				ENABLE_STRICT_OBJC_MSGSEND = YES;
				GCC_C_LANGUAGE_STANDARD = gnu99;
				GCC_DYNAMIC_NO_PIC = NO;
				GCC_OPTIMIZATION_LEVEL = 0;
				GCC_PREPROCESSOR_DEFINITIONS = (
					"DEBUG=1",
					"$(inherited)",
				);
				GCC_SYMBOLS_PRIVATE_EXTERN = NO;
				GCC_WARN_64_TO_32_BIT_CONVERSION = YES;
				GCC_WARN_ABOUT_RETURN_TYPE = YES_ERROR;
				GCC_WARN_UNDECLARED_SELECTOR = YES;
				GCC_WARN_UNINITIALIZED_AUTOS = YES_AGGRESSIVE;
				GCC_WARN_UNUSED_FUNCTION = YES;
				GCC_WARN_UNUSED_VARIABLE = YES;
				IPHONEOS_DEPLOYMENT_TARGET = 8.1;
				MTL_ENABLE_DEBUG_INFO = YES;
				ONLY_ACTIVE_ARCH = YES;
				SDKROOT = iphoneos;
			};
			name = Debug;
		};
		3FEF87581B8C5E9F00982613 /* Release */ = {
			isa = XCBuildConfiguration;
			buildSettings = {
				ALWAYS_SEARCH_USER_PATHS = NO;
				CLANG_CXX_LANGUAGE_STANDARD = "gnu++0x";
				CLANG_CXX_LIBRARY = "libc++";
				CLANG_ENABLE_MODULES = YES;
				CLANG_ENABLE_OBJC_ARC = YES;
				CLANG_WARN_BOOL_CONVERSION = YES;
				CLANG_WARN_CONSTANT_CONVERSION = YES;
				CLANG_WARN_DIRECT_OBJC_ISA_USAGE = YES_ERROR;
				CLANG_WARN_EMPTY_BODY = YES;
				CLANG_WARN_ENUM_CONVERSION = YES;
				CLANG_WARN_INT_CONVERSION = YES;
				CLANG_WARN_OBJC_ROOT_CLASS = YES_ERROR;
				CLANG_WARN_UNREACHABLE_CODE = YES;
				CLANG_WARN__DUPLICATE_METHOD_MATCH = YES;
				"CODE_SIGN_IDENTITY[sdk=iphoneos*]" = "iPhone Developer";
				COPY_PHASE_STRIP = YES;
				ENABLE_NS_ASSERTIONS = NO;
				ENABLE_STRICT_OBJC_MSGSEND = YES;
				GCC_C_LANGUAGE_STANDARD = gnu99;
				GCC_WARN_64_TO_32_BIT_CONVERSION = YES;
				GCC_WARN_ABOUT_RETURN_TYPE = YES_ERROR;
				GCC_WARN_UNDECLARED_SELECTOR = YES;
				GCC_WARN_UNINITIALIZED_AUTOS = YES_AGGRESSIVE;
				GCC_WARN_UNUSED_FUNCTION = YES;
				GCC_WARN_UNUSED_VARIABLE = YES;
				IPHONEOS_DEPLOYMENT_TARGET = 8.1;
				MTL_ENABLE_DEBUG_INFO = NO;
				SDKROOT = iphoneos;
				VALIDATE_PRODUCT = YES;
			};
			name = Release;
		};
		3FEF875A1B8C5E9F00982613 /* Debug */ = {
			isa = XCBuildConfiguration;
			buildSettings = {
				ASSETCATALOG_COMPILER_APPICON_NAME = AppIcon;
				INFOPLIST_FILE = "Demo03-GithubTest/Info.plist";
				LD_RUNPATH_SEARCH_PATHS = "$(inherited) @executable_path/Frameworks";
				PRODUCT_NAME = "$(TARGET_NAME)";
			};
			name = Debug;
		};
		3FEF875B1B8C5E9F00982613 /* Release */ = {
			isa = XCBuildConfiguration;
			buildSettings = {
				ASSETCATALOG_COMPILER_APPICON_NAME = AppIcon;
				INFOPLIST_FILE = "Demo03-GithubTest/Info.plist";
				LD_RUNPATH_SEARCH_PATHS = "$(inherited) @executable_path/Frameworks";
				PRODUCT_NAME = "$(TARGET_NAME)";
			};
			name = Release;
		};
		3FEF875D1B8C5E9F00982613 /* Debug */ = {
			isa = XCBuildConfiguration;
			buildSettings = {
				BUNDLE_LOADER = "$(TEST_HOST)";
				FRAMEWORK_SEARCH_PATHS = (
					"$(SDKROOT)/Developer/Library/Frameworks",
					"$(inherited)",
				);
				GCC_PREPROCESSOR_DEFINITIONS = (
					"DEBUG=1",
					"$(inherited)",
				);
				INFOPLIST_FILE = "Demo03-GithubTestTests/Info.plist";
				LD_RUNPATH_SEARCH_PATHS = "$(inherited) @executable_path/Frameworks @loader_path/Frameworks";
				PRODUCT_NAME = "$(TARGET_NAME)";
				TEST_HOST = "$(BUILT_PRODUCTS_DIR)/Demo03-GithubTest.app/Demo03-GithubTest";
			};
			name = Debug;
		};
		3FEF875E1B8C5E9F00982613 /* Release */ = {
			isa = XCBuildConfiguration;
			buildSettings = {
				BUNDLE_LOADER = "$(TEST_HOST)";
				FRAMEWORK_SEARCH_PATHS = (
					"$(SDKROOT)/Developer/Library/Frameworks",
					"$(inherited)",
				);
				INFOPLIST_FILE = "Demo03-GithubTestTests/Info.plist";
				LD_RUNPATH_SEARCH_PATHS = "$(inherited) @executable_path/Frameworks @loader_path/Frameworks";
				PRODUCT_NAME = "$(TARGET_NAME)";
				TEST_HOST = "$(BUILT_PRODUCTS_DIR)/Demo03-GithubTest.app/Demo03-GithubTest";
			};
			name = Release;
		};
/* End XCBuildConfiguration section */

/* Begin XCConfigurationList section */
		3FEF87311B8C5E9F00982613 /* Build configuration list for PBXProject "Demo03-GithubTest" */ = {
			isa = XCConfigurationList;
			buildConfigurations = (
				3FEF87571B8C5E9F00982613 /* Debug */,
				3FEF87581B8C5E9F00982613 /* Release */,
			);
			defaultConfigurationIsVisible = 0;
			defaultConfigurationName = Release;
		};
		3FEF87591B8C5E9F00982613 /* Build configuration list for PBXNativeTarget "Demo03-GithubTest" */ = {
			isa = XCConfigurationList;
			buildConfigurations = (
				3FEF875A1B8C5E9F00982613 /* Debug */,
				3FEF875B1B8C5E9F00982613 /* Release */,
			);
			defaultConfigurationIsVisible = 0;
		};
		3FEF875C1B8C5E9F00982613 /* Build configuration list for PBXNativeTarget "Demo03-GithubTestTests" */ = {
			isa = XCConfigurationList;
			buildConfigurations = (
				3FEF875D1B8C5E9F00982613 /* Debug */,
				3FEF875E1B8C5E9F00982613 /* Release */,
			);
			defaultConfigurationIsVisible = 0;
		};
/* End XCConfigurationList section */
	};
	rootObject = 3FEF872E1B8C5E9F00982613 /* Project object */;
}
